// !$*UTF8*$!
{
	archiveVersion = 1;
	classes = {
	};
	objectVersion = 48;
	objects = {

/* Begin PBXBuildFile section */
		DEF938731FBE677D0096C7BA /* AppDelegate.swift in Sources */ = {isa = PBXBuildFile; fileRef = DEF938721FBE677D0096C7BA /* AppDelegate.swift */; };
		DEF938751FBE677D0096C7BA /* ViewController.swift in Sources */ = {isa = PBXBuildFile; fileRef = DEF938741FBE677D0096C7BA /* ViewController.swift */; };
		DEF938781FBE677D0096C7BA /* Main.storyboard in Resources */ = {isa = PBXBuildFile; fileRef = DEF938761FBE677D0096C7BA /* Main.storyboard */; };
		DEF9387A1FBE677D0096C7BA /* Assets.xcassets in Resources */ = {isa = PBXBuildFile; fileRef = DEF938791FBE677D0096C7BA /* Assets.xcassets */; };
		DEF9387D1FBE677D0096C7BA /* LaunchScreen.storyboard in Resources */ = {isa = PBXBuildFile; fileRef = DEF9387B1FBE677D0096C7BA /* LaunchScreen.storyboard */; };
		DEF938851FBE69380096C7BA /* lightwallet.js in Resources */ = {isa = PBXBuildFile; fileRef = DEF938841FBE69380096C7BA /* lightwallet.js */; };
/* End PBXBuildFile section */

/* Begin PBXFileReference section */
		DEF9386F1FBE677D0096C7BA /* MeshBanklightwallet.app */ = {isa = PBXFileReference; explicitFileType = wrapper.application; includeInIndex = 0; path = MeshBanklightwallet.app; sourceTree = BUILT_PRODUCTS_DIR; };
		DEF938721FBE677D0096C7BA /* AppDelegate.swift */ = {isa = PBXFileReference; lastKnownFileType = sourcecode.swift; path = AppDelegate.swift; sourceTree = "<group>"; };
		DEF938741FBE677D0096C7BA /* ViewController.swift */ = {isa = PBXFileReference; lastKnownFileType = sourcecode.swift; path = ViewController.swift; sourceTree = "<group>"; };
		DEF938771FBE677D0096C7BA /* Base */ = {isa = PBXFileReference; lastKnownFileType = file.storyboard; name = Base; path = Base.lproj/Main.storyboard; sourceTree = "<group>"; };
		DEF938791FBE677D0096C7BA /* Assets.xcassets */ = {isa = PBXFileReference; lastKnownFileType = folder.assetcatalog; path = Assets.xcassets; sourceTree = "<group>"; };
		DEF9387C1FBE677D0096C7BA /* Base */ = {isa = PBXFileReference; lastKnownFileType = file.storyboard; name = Base; path = Base.lproj/LaunchScreen.storyboard; sourceTree = "<group>"; };
		DEF9387E1FBE677D0096C7BA /* Info.plist */ = {isa = PBXFileReference; lastKnownFileType = text.plist.xml; path = Info.plist; sourceTree = "<group>"; };
		DEF938841FBE69380096C7BA /* lightwallet.js */ = {isa = PBXFileReference; fileEncoding = 4; lastKnownFileType = sourcecode.javascript; path = lightwallet.js; sourceTree = "<group>"; };
/* End PBXFileReference section */

/* Begin PBXFrameworksBuildPhase section */
		DEF9386C1FBE677D0096C7BA /* Frameworks */ = {
			isa = PBXFrameworksBuildPhase;
			buildActionMask = 2147483647;
			files = (
			);
			runOnlyForDeploymentPostprocessing = 0;
		};
/* End PBXFrameworksBuildPhase section */

/* Begin PBXGroup section */
		DEF938661FBE677D0096C7BA = {
			isa = PBXGroup;
			children = (
				DEF938711FBE677D0096C7BA /* MeshBanklightwallet */,
				DEF938701FBE677D0096C7BA /* Products */,
			);
			sourceTree = "<group>";
		};
		DEF938701FBE677D0096C7BA /* Products */ = {
			isa = PBXGroup;
			children = (
				DEF9386F1FBE677D0096C7BA /* MeshBanklightwallet.app */,
			);
			name = Products;
			sourceTree = "<group>";
		};
		DEF938711FBE677D0096C7BA /* MeshBanklightwallet */ = {
			isa = PBXGroup;
			children = (
				DEF938841FBE69380096C7BA /* lightwallet.js */,
				DEF938721FBE677D0096C7BA /* AppDelegate.swift */,
				DEF938741FBE677D0096C7BA /* ViewController.swift */,
				DEF938761FBE677D0096C7BA /* Main.storyboard */,
				DEF938791FBE677D0096C7BA /* Assets.xcassets */,
				DEF9387B1FBE677D0096C7BA /* LaunchScreen.storyboard */,
				DEF9387E1FBE677D0096C7BA /* Info.plist */,
			);
			path = MeshBanklightwallet;
			sourceTree = "<group>";
		};
/* End PBXGroup section */

/* Begin PBXNativeTarget section */
		DEF9386E1FBE677D0096C7BA /* MeshBanklightwallet */ = {
			isa = PBXNativeTarget;
			buildConfigurationList = DEF938811FBE677D0096C7BA /* Build configuration list for PBXNativeTarget "MeshBanklightwallet" */;
			buildPhases = (
				DEF9386B1FBE677D0096C7BA /* Sources */,
				DEF9386C1FBE677D0096C7BA /* Frameworks */,
				DEF9386D1FBE677D0096C7BA /* Resources */,
			);
			buildRules = (
			);
			dependencies = (
			);
			name = MeshBanklightwallet;
			productName = MeshBanklightwallet;
			productReference = DEF9386F1FBE677D0096C7BA /* MeshBanklightwallet.app */;
			productType = "com.apple.product-type.application";
		};
/* End PBXNativeTarget section */

/* Begin PBXProject section */
		DEF938671FBE677D0096C7BA /* Project object */ = {
			isa = PBXProject;
			attributes = {
				LastSwiftUpdateCheck = 0910;
				LastUpgradeCheck = 0910;
				ORGANIZATIONNAME = "Westley Moorhead";
				TargetAttributes = {
					DEF9386E1FBE677D0096C7BA = {
						CreatedOnToolsVersion = 9.1;
						ProvisioningStyle = Automatic;
					};
				};
			};
			buildConfigurationList = DEF9386A1FBE677D0096C7BA /* Build configuration list for PBXProject "MeshBanklightwallet" */;
			compatibilityVersion = "Xcode 8.0";
			developmentRegion = en;
			hasScannedForEncodings = 0;
			knownRegions = (
				en,
				Base,
			);
			mainGroup = DEF938661FBE677D0096C7BA;
			productRefGroup = DEF938701FBE677D0096C7BA /* Products */;
			projectDirPath = "";
			projectRoot = "";
			targets = (
				DEF9386E1FBE677D0096C7BA /* MeshBanklightwallet */,
			);
		};
/* End PBXProject section */

/* Begin PBXResourcesBuildPhase section */
		DEF9386D1FBE677D0096C7BA /* Resources */ = {
			isa = PBXResourcesBuildPhase;
			buildActionMask = 2147483647;
			files = (
				DEF9387D1FBE677D0096C7BA /* LaunchScreen.storyboard in Resources */,
				DEF9387A1FBE677D0096C7BA /* Assets.xcassets in Resources */,
				DEF938851FBE69380096C7BA /* lightwallet.js in Resources */,
				DEF938781FBE677D0096C7BA /* Main.storyboard in Resources */,
			);
			runOnlyForDeploymentPostprocessing = 0;
		};
/* End PBXResourcesBuildPhase section */

/* Begin PBXSourcesBuildPhase section */
		DEF9386B1FBE677D0096C7BA /* Sources */ = {
			isa = PBXSourcesBuildPhase;
			buildActionMask = 2147483647;
			files = (
				DEF938751FBE677D0096C7BA /* ViewController.swift in Sources */,
				DEF938731FBE677D0096C7BA /* AppDelegate.swift in Sources */,
			);
			runOnlyForDeploymentPostprocessing = 0;
		};
/* End PBXSourcesBuildPhase section */

/* Begin PBXVariantGroup section */
		DEF938761FBE677D0096C7BA /* Main.storyboard */ = {
			isa = PBXVariantGroup;
			children = (
				DEF938771FBE677D0096C7BA /* Base */,
			);
			name = Main.storyboard;
			sourceTree = "<group>";
		};
		DEF9387B1FBE677D0096C7BA /* LaunchScreen.storyboard */ = {
			isa = PBXVariantGroup;
			children = (
				DEF9387C1FBE677D0096C7BA /* Base */,
			);
			name = LaunchScreen.storyboard;
			sourceTree = "<group>";
		};
/* End PBXVariantGroup section */

/* Begin XCBuildConfiguration section */
		DEF9387F1FBE677D0096C7BA /* Debug */ = {
			isa = XCBuildConfiguration;
			buildSettings = {
				ALWAYS_SEARCH_USER_PATHS = NO;
				CLANG_ANALYZER_NONNULL = YES;
				CLANG_ANALYZER_NUMBER_OBJECT_CONVERSION = YES_AGGRESSIVE;
				CLANG_CXX_LANGUAGE_STANDARD = "gnu++14";
				CLANG_CXX_LIBRARY = "libc++";
				CLANG_ENABLE_MODULES = YES;
				CLANG_ENABLE_OBJC_ARC = YES;
				CLANG_WARN_BLOCK_CAPTURE_AUTORELEASING = YES;
				CLANG_WARN_BOOL_CONVERSION = YES;
				CLANG_WARN_COMMA = YES;
				CLANG_WARN_CONSTANT_CONVERSION = YES;
				CLANG_WARN_DIRECT_OBJC_ISA_USAGE = YES_ERROR;
				CLANG_WARN_DOCUMENTATION_COMMENTS = YES;
				CLANG_WARN_EMPTY_BODY = YES;
				CLANG_WARN_ENUM_CONVERSION = YES;
				CLANG_WARN_INFINITE_RECURSION = YES;
				CLANG_WARN_INT_CONVERSION = YES;
				CLANG_WARN_NON_LITERAL_NULL_CONVERSION = YES;
				CLANG_WARN_OBJC_LITERAL_CONVERSION = YES;
				CLANG_WARN_OBJC_ROOT_CLASS = YES_ERROR;
				CLANG_WARN_RANGE_LOOP_ANALYSIS = YES;
				CLANG_WARN_STRICT_PROTOTYPES = YES;
				CLANG_WARN_SUSPICIOUS_MOVE = YES;
				CLANG_WARN_UNGUARDED_AVAILABILITY = YES_AGGRESSIVE;
				CLANG_WARN_UNREACHABLE_CODE = YES;
				CLANG_WARN__DUPLICATE_METHOD_MATCH = YES;
				CODE_SIGN_IDENTITY = "iPhone Developer";
				COPY_PHASE_STRIP = NO;
				DEBUG_INFORMATION_FORMAT = dwarf;
				ENABLE_STRICT_OBJC_MSGSEND = YES;
				ENABLE_TESTABILITY = YES;
				GCC_C_LANGUAGE_STANDARD = gnu11;
				GCC_DYNAMIC_NO_PIC = NO;
				GCC_NO_COMMON_BLOCKS = YES;
				GCC_OPTIMIZATION_LEVEL = 0;
				GCC_PREPROCESSOR_DEFINITIONS = (
					"DEBUG=1",
					"$(inherited)",
				);
				GCC_WARN_64_TO_32_BIT_CONVERSION = YES;
				GCC_WARN_ABOUT_RETURN_TYPE = YES_ERROR;
				GCC_WARN_UNDECLARED_SELECTOR = YES;
				GCC_WARN_UNINITIALIZED_AUTOS = YES_AGGRESSIVE;
				GCC_WARN_UNUSED_FUNCTION = YES;
				GCC_WARN_UNUSED_VARIABLE = YES;
				IPHONEOS_DEPLOYMENT_TARGET = 11.1;
				MTL_ENABLE_DEBUG_INFO = YES;
				ONLY_ACTIVE_ARCH = YES;
				SDKROOT = iphoneos;
				SWIFT_ACTIVE_COMPILATION_CONDITIONS = DEBUG;
				SWIFT_OPTIMIZATION_LEVEL = "-Onone";
			};
			name = Debug;
		};
		DEF938801FBE677D0096C7BA /* Release */ = {
			isa = XCBuildConfiguration;
			buildSettings = {
				ALWAYS_SEARCH_USER_PATHS = NO;
				CLANG_ANALYZER_NONNULL = YES;
				CLANG_ANALYZER_NUMBER_OBJECT_CONVERSION = YES_AGGRESSIVE;
				CLANG_CXX_LANGUAGE_STANDARD = "gnu++14";
				CLANG_CXX_LIBRARY = "libc++";
				CLANG_ENABLE_MODULES = YES;
				CLANG_ENABLE_OBJC_ARC = YES;
				CLANG_WARN_BLOCK_CAPTURE_AUTORELEASING = YES;
				CLANG_WARN_BOOL_CONVERSION = YES;
				CLANG_WARN_COMMA = YES;
				CLANG_WARN_CONSTANT_CONVERSION = YES;
				CLANG_WARN_DIRECT_OBJC_ISA_USAGE = YES_ERROR;
				CLANG_WARN_DOCUMENTATION_COMMENTS = YES;
				CLANG_WARN_EMPTY_BODY = YES;
				CLANG_WARN_ENUM_CONVERSION = YES;
				CLANG_WARN_INFINITE_RECURSION = YES;
				CLANG_WARN_INT_CONVERSION = YES;
				CLANG_WARN_NON_LITERAL_NULL_CONVERSION = YES;
				CLANG_WARN_OBJC_LITERAL_CONVERSION = YES;
				CLANG_WARN_OBJC_ROOT_CLASS = YES_ERROR;
				CLANG_WARN_RANGE_LOOP_ANALYSIS = YES;
				CLANG_WARN_STRICT_PROTOTYPES = YES;
				CLANG_WARN_SUSPICIOUS_MOVE = YES;
				CLANG_WARN_UNGUARDED_AVAILABILITY = YES_AGGRESSIVE;
				CLANG_WARN_UNREACHABLE_CODE = YES;
				CLANG_WARN__DUPLICATE_METHOD_MATCH = YES;
				CODE_SIGN_IDENTITY = "iPhone Developer";
				COPY_PHASE_STRIP = NO;
				DEBUG_INFORMATION_FORMAT = "dwarf-with-dsym";
				ENABLE_NS_ASSERTIONS = NO;
				ENABLE_STRICT_OBJC_MSGSEND = YES;
				GCC_C_LANGUAGE_STANDARD = gnu11;
				GCC_NO_COMMON_BLOCKS = YES;
				GCC_WARN_64_TO_32_BIT_CONVERSION = YES;
				GCC_WARN_ABOUT_RETURN_TYPE = YES_ERROR;
				GCC_WARN_UNDECLARED_SELECTOR = YES;
				GCC_WARN_UNINITIALIZED_AUTOS = YES_AGGRESSIVE;
				GCC_WARN_UNUSED_FUNCTION = YES;
				GCC_WARN_UNUSED_VARIABLE = YES;
				IPHONEOS_DEPLOYMENT_TARGET = 11.1;
				MTL_ENABLE_DEBUG_INFO = NO;
				SDKROOT = iphoneos;
				SWIFT_OPTIMIZATION_LEVEL = "-Owholemodule";
				VALIDATE_PRODUCT = YES;
			};
			name = Release;
		};
		DEF938821FBE677D0096C7BA /* Debug */ = {
			isa = XCBuildConfiguration;
			buildSettings = {
				ASSETCATALOG_COMPILER_APPICON_NAME = AppIcon;
				CODE_SIGN_STYLE = Automatic;
				DEVELOPMENT_TEAM = LTYYE5LTZK;
				INFOPLIST_FILE = MeshBanklightwallet/Info.plist;
				LD_RUNPATH_SEARCH_PATHS = "$(inherited) @executable_path/Frameworks";
				PRODUCT_BUNDLE_IDENTIFIER = com.meshbank.MeshBanklightwallet;
				PRODUCT_NAME = "$(TARGET_NAME)";
				SWIFT_VERSION = 4.0;
				TARGETED_DEVICE_FAMILY = "1,2";
			};
			name = Debug;
		};
		DEF938831FBE677D0096C7BA /* Release */ = {
			isa = XCBuildConfiguration;
			buildSettings = {
				ASSETCATALOG_COMPILER_APPICON_NAME = AppIcon;
				CODE_SIGN_STYLE = Automatic;
				DEVELOPMENT_TEAM = LTYYE5LTZK;
				INFOPLIST_FILE = MeshBanklightwallet/Info.plist;
				LD_RUNPATH_SEARCH_PATHS = "$(inherited) @executable_path/Frameworks";
				PRODUCT_BUNDLE_IDENTIFIER = com.meshbank.MeshBanklightwallet;
				PRODUCT_NAME = "$(TARGET_NAME)";
				SWIFT_VERSION = 4.0;
				TARGETED_DEVICE_FAMILY = "1,2";
			};
			name = Release;
		};
/* End XCBuildConfiguration section */

/* Begin XCConfigurationList section */
		DEF9386A1FBE677D0096C7BA /* Build configuration list for PBXProject "MeshBanklightwallet" */ = {
			isa = XCConfigurationList;
			buildConfigurations = (
				DEF9387F1FBE677D0096C7BA /* Debug */,
				DEF938801FBE677D0096C7BA /* Release */,
			);
			defaultConfigurationIsVisible = 0;
			defaultConfigurationName = Release;
		};
		DEF938811FBE677D0096C7BA /* Build configuration list for PBXNativeTarget "MeshBanklightwallet" */ = {
			isa = XCConfigurationList;
			buildConfigurations = (
				DEF938821FBE677D0096C7BA /* Debug */,
				DEF938831FBE677D0096C7BA /* Release */,
			);
			defaultConfigurationIsVisible = 0;
			defaultConfigurationName = Release;
		};
/* End XCConfigurationList section */
	};
	rootObject = DEF938671FBE677D0096C7BA /* Project object */;
}
